
Microsoft Visual Studio Solution File, Format Version 12.00
# Visual Studio Version 16
VisualStudioVersion = 16.0.30503.244
MinimumVisualStudioVersion = 10.0.40219.1
Project("{9A19103F-16F7-4668-BE54-9A1E7A4F7556}") = "2.Generics", "Generics\2.Generics.csproj", "{B9B8DB09-EB90-4465-A192-DF506DDBA09D}"
EndProject
Project("{9A19103F-16F7-4668-BE54-9A1E7A4F7556}") = "3.Delegates", "Delegates\3.Delegates.csproj", "{687B6AC2-8400-4AB2-A1D9-FFDC63B0FAF5}"
EndProject
Project("{9A19103F-16F7-4668-BE54-9A1E7A4F7556}") = "5.Locks", "Locks\5.Locks.csproj", "{72C873C5-D73C-440F-802A-C2E9C14E8BB2}"
EndProject
Project("{9A19103F-16F7-4668-BE54-9A1E7A4F7556}") = "1.Unsafe", "Unsafe\1.Unsafe.csproj", "{CD8D7C7D-9866-487B-BF9F-FB53768FA76F}"
EndProject
Project("{9A19103F-16F7-4668-BE54-9A1E7A4F7556}") = "4.Events", "4.Events\4.Events.csproj", "{8564644A-0A87-4040-8D81-094254B26976}"
EndProject
Project("{9A19103F-16F7-4668-BE54-9A1E7A4F7556}") = "Copying", "Copying\Copying.csproj", "{4F24915E-6B77-4DA0-B455-DF132AD81B78}"
EndProject
Project("{9A19103F-16F7-4668-BE54-9A1E7A4F7556}") = "Crypto", "Crypto\Crypto.csproj", "{6D03FD65-0DBB-4736-ACC1-3AB117CA16B5}"
EndProject
Project("{FAE04EC0-301F-11D3-BF4B-00C04F79EFBC}") = "DebugTrace", "Trace\DebugTrace.csproj", "{3524FCDB-1910-43F3-8A54-46755E01233E}"
EndProject
Project("{FAE04EC0-301F-11D3-BF4B-00C04F79EFBC}") = "TraceDebug", "TraceDebug\TraceDebug.csproj", "{08E9A7A7-C3F0-4BC2-B9A5-33B0B59DA9D6}"
EndProject
Project("{FAE04EC0-301F-11D3-BF4B-00C04F79EFBC}") = "WCF-Pub", "WCF-Pub\WCF-Pub.csproj", "{F1932602-FC69-4414-A97F-4C66F491B993}"
EndProject
Project("{2150E333-8FDC-42A3-9474-1A3956D46DE8}") = "WCF", "WCF", "{D65D6984-0689-49A8-AC95-873F64573D33}"
EndProject
Project("{FAE04EC0-301F-11D3-BF4B-00C04F79EFBC}") = "WCF-Host", "WCF-Host\WCF-Host.csproj", "{B6F8D85C-B4DD-4F30-9C0C-15AD0AEC6810}"
EndProject
Project("{FAE04EC0-301F-11D3-BF4B-00C04F79EFBC}") = "WCF-Client", "WCF-Client\WCF-Client.csproj", "{C9CE11EB-01E7-4AEB-9A32-35B079BF0FEF}"
	ProjectSection(ProjectDependencies) = postProject
		{F1932602-FC69-4414-A97F-4C66F491B993} = {F1932602-FC69-4414-A97F-4C66F491B993}
	EndProjectSection
EndProject
Project("{9A19103F-16F7-4668-BE54-9A1E7A4F7556}") = "Anon", "Anon\Anon.csproj", "{918EE8DE-E39C-432D-93BF-479766F9D995}"
EndProject
Project("{9A19103F-16F7-4668-BE54-9A1E7A4F7556}") = "XMLDom", "XMLDom\XMLDom.csproj", "{F86FB452-6739-493D-BE72-B50197BD38A1}"
EndProject
Project("{9A19103F-16F7-4668-BE54-9A1E7A4F7556}") = "Casting", "Casting\Casting.csproj", "{69511792-3656-4F67-B236-FA1911C7F723}"
EndProject
Project("{9A19103F-16F7-4668-BE54-9A1E7A4F7556}") = "Closure", "Closure\Closure.csproj", "{0B3783B2-18BE-4B7C-9E8E-9027EE7CF05D}"
EndProject
Project("{9A19103F-16F7-4668-BE54-9A1E7A4F7556}") = "MultiThreading", "MultiThreading\MultiThreading.csproj", "{03924DCF-575D-4993-A880-C9B5B936386D}"
EndProject
Project("{FAE04EC0-301F-11D3-BF4B-00C04F79EFBC}") = "Disposing", "Disposing\Disposing.csproj", "{DA1B3FDA-0EC3-4175-8756-2C739EBD465C}"
EndProject
Global
	GlobalSection(SolutionConfigurationPlatforms) = preSolution
		Debug|Any CPU = Debug|Any CPU
		Release|Any CPU = Release|Any CPU
	EndGlobalSection
	GlobalSection(ProjectConfigurationPlatforms) = postSolution
		{B9B8DB09-EB90-4465-A192-DF506DDBA09D}.Debug|Any CPU.ActiveCfg = Debug|Any CPU
		{B9B8DB09-EB90-4465-A192-DF506DDBA09D}.Debug|Any CPU.Build.0 = Debug|Any CPU
		{B9B8DB09-EB90-4465-A192-DF506DDBA09D}.Release|Any CPU.ActiveCfg = Release|Any CPU
		{B9B8DB09-EB90-4465-A192-DF506DDBA09D}.Release|Any CPU.Build.0 = Release|Any CPU
		{687B6AC2-8400-4AB2-A1D9-FFDC63B0FAF5}.Debug|Any CPU.ActiveCfg = Debug|Any CPU
		{687B6AC2-8400-4AB2-A1D9-FFDC63B0FAF5}.Debug|Any CPU.Build.0 = Debug|Any CPU
		{687B6AC2-8400-4AB2-A1D9-FFDC63B0FAF5}.Release|Any CPU.ActiveCfg = Release|Any CPU
		{687B6AC2-8400-4AB2-A1D9-FFDC63B0FAF5}.Release|Any CPU.Build.0 = Release|Any CPU
		{72C873C5-D73C-440F-802A-C2E9C14E8BB2}.Debug|Any CPU.ActiveCfg = Debug|Any CPU
		{72C873C5-D73C-440F-802A-C2E9C14E8BB2}.Debug|Any CPU.Build.0 = Debug|Any CPU
		{72C873C5-D73C-440F-802A-C2E9C14E8BB2}.Release|Any CPU.ActiveCfg = Release|Any CPU
		{72C873C5-D73C-440F-802A-C2E9C14E8BB2}.Release|Any CPU.Build.0 = Release|Any CPU
		{CD8D7C7D-9866-487B-BF9F-FB53768FA76F}.Debug|Any CPU.ActiveCfg = Debug|Any CPU
		{CD8D7C7D-9866-487B-BF9F-FB53768FA76F}.Debug|Any CPU.Build.0 = Debug|Any CPU
		{CD8D7C7D-9866-487B-BF9F-FB53768FA76F}.Release|Any CPU.ActiveCfg = Release|Any CPU
		{CD8D7C7D-9866-487B-BF9F-FB53768FA76F}.Release|Any CPU.Build.0 = Release|Any CPU
		{8564644A-0A87-4040-8D81-094254B26976}.Debug|Any CPU.ActiveCfg = Debug|Any CPU
		{8564644A-0A87-4040-8D81-094254B26976}.Debug|Any CPU.Build.0 = Debug|Any CPU
		{8564644A-0A87-4040-8D81-094254B26976}.Release|Any CPU.ActiveCfg = Release|Any CPU
		{8564644A-0A87-4040-8D81-094254B26976}.Release|Any CPU.Build.0 = Release|Any CPU
		{4F24915E-6B77-4DA0-B455-DF132AD81B78}.Debug|Any CPU.ActiveCfg = Debug|Any CPU
		{4F24915E-6B77-4DA0-B455-DF132AD81B78}.Debug|Any CPU.Build.0 = Debug|Any CPU
		{4F24915E-6B77-4DA0-B455-DF132AD81B78}.Release|Any CPU.ActiveCfg = Release|Any CPU
		{4F24915E-6B77-4DA0-B455-DF132AD81B78}.Release|Any CPU.Build.0 = Release|Any CPU
		{6D03FD65-0DBB-4736-ACC1-3AB117CA16B5}.Debug|Any CPU.ActiveCfg = Debug|Any CPU
		{6D03FD65-0DBB-4736-ACC1-3AB117CA16B5}.Debug|Any CPU.Build.0 = Debug|Any CPU
		{6D03FD65-0DBB-4736-ACC1-3AB117CA16B5}.Release|Any CPU.ActiveCfg = Release|Any CPU
		{6D03FD65-0DBB-4736-ACC1-3AB117CA16B5}.Release|Any CPU.Build.0 = Release|Any CPU
		{3524FCDB-1910-43F3-8A54-46755E01233E}.Debug|Any CPU.ActiveCfg = Debug|Any CPU
		{3524FCDB-1910-43F3-8A54-46755E01233E}.Debug|Any CPU.Build.0 = Debug|Any CPU
		{3524FCDB-1910-43F3-8A54-46755E01233E}.Release|Any CPU.ActiveCfg = Release|Any CPU
		{3524FCDB-1910-43F3-8A54-46755E01233E}.Release|Any CPU.Build.0 = Release|Any CPU
		{08E9A7A7-C3F0-4BC2-B9A5-33B0B59DA9D6}.Debug|Any CPU.ActiveCfg = Debug|Any CPU
		{08E9A7A7-C3F0-4BC2-B9A5-33B0B59DA9D6}.Debug|Any CPU.Build.0 = Debug|Any CPU
		{08E9A7A7-C3F0-4BC2-B9A5-33B0B59DA9D6}.Release|Any CPU.ActiveCfg = Release|Any CPU
		{08E9A7A7-C3F0-4BC2-B9A5-33B0B59DA9D6}.Release|Any CPU.Build.0 = Release|Any CPU
		{F1932602-FC69-4414-A97F-4C66F491B993}.Debug|Any CPU.ActiveCfg = Debug|Any CPU
		{F1932602-FC69-4414-A97F-4C66F491B993}.Debug|Any CPU.Build.0 = Debug|Any CPU
		{F1932602-FC69-4414-A97F-4C66F491B993}.Release|Any CPU.ActiveCfg = Release|Any CPU
		{F1932602-FC69-4414-A97F-4C66F491B993}.Release|Any CPU.Build.0 = Release|Any CPU
		{B6F8D85C-B4DD-4F30-9C0C-15AD0AEC6810}.Debug|Any CPU.ActiveCfg = Debug|Any CPU
		{B6F8D85C-B4DD-4F30-9C0C-15AD0AEC6810}.Debug|Any CPU.Build.0 = Debug|Any CPU
		{B6F8D85C-B4DD-4F30-9C0C-15AD0AEC6810}.Release|Any CPU.ActiveCfg = Release|Any CPU
		{B6F8D85C-B4DD-4F30-9C0C-15AD0AEC6810}.Release|Any CPU.Build.0 = Release|Any CPU
		{C9CE11EB-01E7-4AEB-9A32-35B079BF0FEF}.Debug|Any CPU.ActiveCfg = Debug|Any CPU
		{C9CE11EB-01E7-4AEB-9A32-35B079BF0FEF}.Debug|Any CPU.Build.0 = Debug|Any CPU
		{C9CE11EB-01E7-4AEB-9A32-35B079BF0FEF}.Release|Any CPU.ActiveCfg = Release|Any CPU
		{C9CE11EB-01E7-4AEB-9A32-35B079BF0FEF}.Release|Any CPU.Build.0 = Release|Any CPU
		{918EE8DE-E39C-432D-93BF-479766F9D995}.Debug|Any CPU.ActiveCfg = Debug|Any CPU
		{918EE8DE-E39C-432D-93BF-479766F9D995}.Debug|Any CPU.Build.0 = Debug|Any CPU
		{918EE8DE-E39C-432D-93BF-479766F9D995}.Release|Any CPU.ActiveCfg = Release|Any CPU
		{918EE8DE-E39C-432D-93BF-479766F9D995}.Release|Any CPU.Build.0 = Release|Any CPU
		{F86FB452-6739-493D-BE72-B50197BD38A1}.Debug|Any CPU.ActiveCfg = Debug|Any CPU
		{F86FB452-6739-493D-BE72-B50197BD38A1}.Debug|Any CPU.Build.0 = Debug|Any CPU
		{F86FB452-6739-493D-BE72-B50197BD38A1}.Release|Any CPU.ActiveCfg = Release|Any CPU
		{F86FB452-6739-493D-BE72-B50197BD38A1}.Release|Any CPU.Build.0 = Release|Any CPU
		{69511792-3656-4F67-B236-FA1911C7F723}.Debug|Any CPU.ActiveCfg = Debug|Any CPU
		{69511792-3656-4F67-B236-FA1911C7F723}.Debug|Any CPU.Build.0 = Debug|Any CPU
		{69511792-3656-4F67-B236-FA1911C7F723}.Release|Any CPU.ActiveCfg = Release|Any CPU
		{69511792-3656-4F67-B236-FA1911C7F723}.Release|Any CPU.Build.0 = Release|Any CPU
		{0B3783B2-18BE-4B7C-9E8E-9027EE7CF05D}.Debug|Any CPU.ActiveCfg = Debug|Any CPU
		{0B3783B2-18BE-4B7C-9E8E-9027EE7CF05D}.Debug|Any CPU.Build.0 = Debug|Any CPU
		{0B3783B2-18BE-4B7C-9E8E-9027EE7CF05D}.Release|Any CPU.ActiveCfg = Release|Any CPU
		{0B3783B2-18BE-4B7C-9E8E-9027EE7CF05D}.Release|Any CPU.Build.0 = Release|Any CPU
		{03924DCF-575D-4993-A880-C9B5B936386D}.Debug|Any CPU.ActiveCfg = Debug|Any CPU
		{03924DCF-575D-4993-A880-C9B5B936386D}.Debug|Any CPU.Build.0 = Debug|Any CPU
		{03924DCF-575D-4993-A880-C9B5B936386D}.Release|Any CPU.ActiveCfg = Release|Any CPU
		{03924DCF-575D-4993-A880-C9B5B936386D}.Release|Any CPU.Build.0 = Release|Any CPU
		{DA1B3FDA-0EC3-4175-8756-2C739EBD465C}.Debug|Any CPU.ActiveCfg = Debug|Any CPU
		{DA1B3FDA-0EC3-4175-8756-2C739EBD465C}.Debug|Any CPU.Build.0 = Debug|Any CPU
		{DA1B3FDA-0EC3-4175-8756-2C739EBD465C}.Release|Any CPU.ActiveCfg = Release|Any CPU
		{DA1B3FDA-0EC3-4175-8756-2C739EBD465C}.Release|Any CPU.Build.0 = Release|Any CPU
	EndGlobalSection
	GlobalSection(SolutionProperties) = preSolution
		HideSolutionNode = FALSE
	EndGlobalSection
	GlobalSection(NestedProjects) = preSolution
		{F1932602-FC69-4414-A97F-4C66F491B993} = {D65D6984-0689-49A8-AC95-873F64573D33}
		{B6F8D85C-B4DD-4F30-9C0C-15AD0AEC6810} = {D65D6984-0689-49A8-AC95-873F64573D33}
		{C9CE11EB-01E7-4AEB-9A32-35B079BF0FEF} = {D65D6984-0689-49A8-AC95-873F64573D33}
	EndGlobalSection
	GlobalSection(ExtensibilityGlobals) = postSolution
		SolutionGuid = {6E51A522-0B4B-44B6-8C92-C76CF399C2DE}
	EndGlobalSection
EndGlobal
